{
  "name": "hrs-cordova-plugin-twilio",
  "version": "3.0.1",
  "lockfileVersion": 2,
  "requires": true,
  "packages": {
    "": {
      "name": "hrs-cordova-plugin-twilio",
      "version": "3.0.1",
      "license": "MIT",
      "engines": {
        "cordovaDependencies": {
          "<2.5.0": {
            "cordova": ">=6.4.0",
            "cordova-android": ">=6.0.0",
            "cordova-ios": ">=4.3.0"
          },
          ">2.5.0": {
            "cordova": ">=7.0.0",
            "cordova-android": ">=6.3.0",
            "cordova-ios": ">=4.4.0"
          }
        }
      }
    }
  }
}
